version = 1
revision = 1
requires-python = ">=3.9"

[[package]]
name = "beautifulsoup4"
version = "4.13.3"
source = { registry = "https://pypi.org/simple" }
dependencies = [
    { name = "soupsieve" },
    { name = "typing-extensions" },
]
sdist = { url = "https://files.pythonhosted.org/packages/f0/3c/adaf39ce1fb4afdd21b611e3d530b183bb7759c9b673d60db0e347fd4439/beautifulsoup4-4.13.3.tar.gz", hash = "sha256:1bd32405dacc920b42b83ba01644747ed77456a65760e285fbc47633ceddaf8b", size = 619516 }
wheels = [
    { url = "https://files.pythonhosted.org/packages/f9/49/6abb616eb3cbab6a7cca303dc02fdf3836de2e0b834bf966a7f5271a34d8/beautifulsoup4-4.13.3-py3-none-any.whl", hash = "sha256:99045d7d3f08f91f0d656bc9b7efbae189426cd913d830294a15eefa0ea4df16", size = 186015 },
]

[[package]]
name = "cffi"
version = "1.17.1"
source = { registry = "https://pypi.org/simple" }
dependencies = [
    { name = "pycparser" },
]
sdist = { url = "https://files.pythonhosted.org/packages/fc/97/c783634659c2920c3fc70419e3af40972dbaf758daa229a7d6ea6135c90d/cffi-1.17.1.tar.gz", hash = "sha256:1c39c6016c32bc48dd54561950ebd6836e1670f2ae46128f67cf49e789c52824", size = 516621 }
wheels = [
    { url = "https://files.pythonhosted.org/packages/90/07/f44ca684db4e4f08a3fdc6eeb9a0d15dc6883efc7b8c90357fdbf74e186c/cffi-1.17.1-cp310-cp310-macosx_10_9_x86_64.whl", hash = "sha256:df8b1c11f177bc2313ec4b2d46baec87a5f3e71fc8b45dab2ee7cae86d9aba14", size = 182191 },
    { url = "https://files.pythonhosted.org/packages/08/fd/cc2fedbd887223f9f5d170c96e57cbf655df9831a6546c1727ae13fa977a/cffi-1.17.1-cp310-cp310-macosx_11_0_arm64.whl", hash = "sha256:8f2cdc858323644ab277e9bb925ad72ae0e67f69e804f4898c070998d50b1a67", size = 178592 },
    { url = "https://files.pythonhosted.org/packages/de/cc/4635c320081c78d6ffc2cab0a76025b691a91204f4aa317d568ff9280a2d/cffi-1.17.1-cp310-cp310-manylinux_2_12_i686.manylinux2010_i686.manylinux_2_17_i686.manylinux2014_i686.whl", hash = "sha256:edae79245293e15384b51f88b00613ba9f7198016a5948b5dddf4917d4d26382", size = 426024 },
    { url = "https://files.pythonhosted.org/packages/b6/7b/3b2b250f3aab91abe5f8a51ada1b717935fdaec53f790ad4100fe2ec64d1/cffi-1.17.1-cp310-cp310-manylinux_2_17_aarch64.manylinux2014_aarch64.whl", hash = "sha256:45398b671ac6d70e67da8e4224a065cec6a93541bb7aebe1b198a61b58c7b702", size = 448188 },
    { url = "https://files.pythonhosted.org/packages/d3/48/1b9283ebbf0ec065148d8de05d647a986c5f22586b18120020452fff8f5d/cffi-1.17.1-cp310-cp310-manylinux_2_17_ppc64le.manylinux2014_ppc64le.whl", hash = "sha256:ad9413ccdeda48c5afdae7e4fa2192157e991ff761e7ab8fdd8926f40b160cc3", size = 455571 },
    { url = "https://files.pythonhosted.org/packages/40/87/3b8452525437b40f39ca7ff70276679772ee7e8b394934ff60e63b7b090c/cffi-1.17.1-cp310-cp310-manylinux_2_17_s390x.manylinux2014_s390x.whl", hash = "sha256:5da5719280082ac6bd9aa7becb3938dc9f9cbd57fac7d2871717b1feb0902ab6", size = 436687 },
    { url = "https://files.pythonhosted.org/packages/8d/fb/4da72871d177d63649ac449aec2e8a29efe0274035880c7af59101ca2232/cffi-1.17.1-cp310-cp310-manylinux_2_17_x86_64.manylinux2014_x86_64.whl", hash = "sha256:2bb1a08b8008b281856e5971307cc386a8e9c5b625ac297e853d36da6efe9c17", size = 446211 },
    { url = "https://files.pythonhosted.org/packages/ab/a0/62f00bcb411332106c02b663b26f3545a9ef136f80d5df746c05878f8c4b/cffi-1.17.1-cp310-cp310-musllinux_1_1_aarch64.whl", hash = "sha256:045d61c734659cc045141be4bae381a41d89b741f795af1dd018bfb532fd0df8", size = 461325 },
    { url = "https://files.pythonhosted.org/packages/36/83/76127035ed2e7e27b0787604d99da630ac3123bfb02d8e80c633f218a11d/cffi-1.17.1-cp310-cp310-musllinux_1_1_i686.whl", hash = "sha256:6883e737d7d9e4899a8a695e00ec36bd4e5e4f18fabe0aca0efe0a4b44cdb13e", size = 438784 },
    { url = "https://files.pythonhosted.org/packages/21/81/a6cd025db2f08ac88b901b745c163d884641909641f9b826e8cb87645942/cffi-1.17.1-cp310-cp310-musllinux_1_1_x86_64.whl", hash = "sha256:6b8b4a92e1c65048ff98cfe1f735ef8f1ceb72e3d5f0c25fdb12087a23da22be", size = 461564 },
    { url = "https://files.pythonhosted.org/packages/f8/fe/4d41c2f200c4a457933dbd98d3cf4e911870877bd94d9656cc0fcb390681/cffi-1.17.1-cp310-cp310-win32.whl", hash = "sha256:c9c3d058ebabb74db66e431095118094d06abf53284d9c81f27300d0e0d8bc7c", size = 171804 },
    { url = "https://files.pythonhosted.org/packages/d1/b6/0b0f5ab93b0df4acc49cae758c81fe4e5ef26c3ae2e10cc69249dfd8b3ab/cffi-1.17.1-cp310-cp310-win_amd64.whl", hash = "sha256:0f048dcf80db46f0098ccac01132761580d28e28bc0f78ae0d58048063317e15", size = 181299 },
    { url = "https://files.pythonhosted.org/packages/6b/f4/927e3a8899e52a27fa57a48607ff7dc91a9ebe97399b357b85a0c7892e00/cffi-1.17.1-cp311-cp311-macosx_10_9_x86_64.whl", hash = "sha256:a45e3c6913c5b87b3ff120dcdc03f6131fa0065027d0ed7ee6190736a74cd401", size = 182264 },
    { url = "https://files.pythonhosted.org/packages/6c/f5/6c3a8efe5f503175aaddcbea6ad0d2c96dad6f5abb205750d1b3df44ef29/cffi-1.17.1-cp311-cp311-macosx_11_0_arm64.whl", hash = "sha256:30c5e0cb5ae493c04c8b42916e52ca38079f1b235c2f8ae5f4527b963c401caf", size = 178651 },
    { url = "https://files.pythonhosted.org/packages/94/dd/a3f0118e688d1b1a57553da23b16bdade96d2f9bcda4d32e7d2838047ff7/cffi-1.17.1-cp311-cp311-manylinux_2_12_i686.manylinux2010_i686.manylinux_2_17_i686.manylinux2014_i686.whl", hash = "sha256:f75c7ab1f9e4aca5414ed4d8e5c0e303a34f4421f8a0d47a4d019ceff0ab6af4", size = 445259 },
    { url = "https://files.pythonhosted.org/packages/2e/ea/70ce63780f096e16ce8588efe039d3c4f91deb1dc01e9c73a287939c79a6/cffi-1.17.1-cp311-cp311-manylinux_2_17_aarch64.manylinux2014_aarch64.whl", hash = "sha256:a1ed2dd2972641495a3ec98445e09766f077aee98a1c896dcb4ad0d303628e41", size = 469200 },
    { url = "https://files.pythonhosted.org/packages/1c/a0/a4fa9f4f781bda074c3ddd57a572b060fa0df7655d2a4247bbe277200146/cffi-1.17.1-cp311-cp311-manylinux_2_17_ppc64le.manylinux2014_ppc64le.whl", hash = "sha256:46bf43160c1a35f7ec506d254e5c890f3c03648a4dbac12d624e4490a7046cd1", size = 477235 },
    { url = "https://files.pythonhosted.org/packages/62/12/ce8710b5b8affbcdd5c6e367217c242524ad17a02fe5beec3ee339f69f85/cffi-1.17.1-cp311-cp311-manylinux_2_17_s390x.manylinux2014_s390x.whl", hash = "sha256:a24ed04c8ffd54b0729c07cee15a81d964e6fee0e3d4d342a27b020d22959dc6", size = 459721 },
    { url = "https://files.pythonhosted.org/packages/ff/6b/d45873c5e0242196f042d555526f92aa9e0c32355a1be1ff8c27f077fd37/cffi-1.17.1-cp311-cp311-manylinux_2_17_x86_64.manylinux2014_x86_64.whl", hash = "sha256:610faea79c43e44c71e1ec53a554553fa22321b65fae24889706c0a84d4ad86d", size = 467242 },
    { url = "https://files.pythonhosted.org/packages/1a/52/d9a0e523a572fbccf2955f5abe883cfa8bcc570d7faeee06336fbd50c9fc/cffi-1.17.1-cp311-cp311-musllinux_1_1_aarch64.whl", hash = "sha256:a9b15d491f3ad5d692e11f6b71f7857e7835eb677955c00cc0aefcd0669adaf6", size = 477999 },
    { url = "https://files.pythonhosted.org/packages/44/74/f2a2460684a1a2d00ca799ad880d54652841a780c4c97b87754f660c7603/cffi-1.17.1-cp311-cp311-musllinux_1_1_i686.whl", hash = "sha256:de2ea4b5833625383e464549fec1bc395c1bdeeb5f25c4a3a82b5a8c756ec22f", size = 454242 },
    { url = "https://files.pythonhosted.org/packages/f8/4a/34599cac7dfcd888ff54e801afe06a19c17787dfd94495ab0c8d35fe99fb/cffi-1.17.1-cp311-cp311-musllinux_1_1_x86_64.whl", hash = "sha256:fc48c783f9c87e60831201f2cce7f3b2e4846bf4d8728eabe54d60700b318a0b", size = 478604 },
    { url = "https://files.pythonhosted.org/packages/34/33/e1b8a1ba29025adbdcda5fb3a36f94c03d771c1b7b12f726ff7fef2ebe36/cffi-1.17.1-cp311-cp311-win32.whl", hash = "sha256:85a950a4ac9c359340d5963966e3e0a94a676bd6245a4b55bc43949eee26a655", size = 171727 },
    { url = "https://files.pythonhosted.org/packages/3d/97/50228be003bb2802627d28ec0627837ac0bf35c90cf769812056f235b2d1/cffi-1.17.1-cp311-cp311-win_amd64.whl", hash = "sha256:caaf0640ef5f5517f49bc275eca1406b0ffa6aa184892812030f04c2abf589a0", size = 181400 },
    { url = "https://files.pythonhosted.org/packages/5a/84/e94227139ee5fb4d600a7a4927f322e1d4aea6fdc50bd3fca8493caba23f/cffi-1.17.1-cp312-cp312-macosx_10_9_x86_64.whl", hash = "sha256:805b4371bf7197c329fcb3ead37e710d1bca9da5d583f5073b799d5c5bd1eee4", size = 183178 },
    { url = "https://files.pythonhosted.org/packages/da/ee/fb72c2b48656111c4ef27f0f91da355e130a923473bf5ee75c5643d00cca/cffi-1.17.1-cp312-cp312-macosx_11_0_arm64.whl", hash = "sha256:733e99bc2df47476e3848417c5a4540522f234dfd4ef3ab7fafdf555b082ec0c", size = 178840 },
    { url = "https://files.pythonhosted.org/packages/cc/b6/db007700f67d151abadf508cbfd6a1884f57eab90b1bb985c4c8c02b0f28/cffi-1.17.1-cp312-cp312-manylinux_2_12_i686.manylinux2010_i686.manylinux_2_17_i686.manylinux2014_i686.whl", hash = "sha256:1257bdabf294dceb59f5e70c64a3e2f462c30c7ad68092d01bbbfb1c16b1ba36", size = 454803 },
    { url = "https://files.pythonhosted.org/packages/1a/df/f8d151540d8c200eb1c6fba8cd0dfd40904f1b0682ea705c36e6c2e97ab3/cffi-1.17.1-cp312-cp312-manylinux_2_17_aarch64.manylinux2014_aarch64.whl", hash = "sha256:da95af8214998d77a98cc14e3a3bd00aa191526343078b530ceb0bd710fb48a5", size = 478850 },
    { url = "https://files.pythonhosted.org/packages/28/c0/b31116332a547fd2677ae5b78a2ef662dfc8023d67f41b2a83f7c2aa78b1/cffi-1.17.1-cp312-cp312-manylinux_2_17_ppc64le.manylinux2014_ppc64le.whl", hash = "sha256:d63afe322132c194cf832bfec0dc69a99fb9bb6bbd550f161a49e9e855cc78ff", size = 485729 },
    { url = "https://files.pythonhosted.org/packages/91/2b/9a1ddfa5c7f13cab007a2c9cc295b70fbbda7cb10a286aa6810338e60ea1/cffi-1.17.1-cp312-cp312-manylinux_2_17_s390x.manylinux2014_s390x.whl", hash = "sha256:f79fc4fc25f1c8698ff97788206bb3c2598949bfe0fef03d299eb1b5356ada99", size = 471256 },
    { url = "https://files.pythonhosted.org/packages/b2/d5/da47df7004cb17e4955df6a43d14b3b4ae77737dff8bf7f8f333196717bf/cffi-1.17.1-cp312-cp312-manylinux_2_17_x86_64.manylinux2014_x86_64.whl", hash = "sha256:b62ce867176a75d03a665bad002af8e6d54644fad99a3c70905c543130e39d93", size = 479424 },
    { url = "https://files.pythonhosted.org/packages/0b/ac/2a28bcf513e93a219c8a4e8e125534f4f6db03e3179ba1c45e949b76212c/cffi-1.17.1-cp312-cp312-musllinux_1_1_aarch64.whl", hash = "sha256:386c8bf53c502fff58903061338ce4f4950cbdcb23e2902d86c0f722b786bbe3", size = 484568 },
    { url = "https://files.pythonhosted.org/packages/d4/38/ca8a4f639065f14ae0f1d9751e70447a261f1a30fa7547a828ae08142465/cffi-1.17.1-cp312-cp312-musllinux_1_1_x86_64.whl", hash = "sha256:4ceb10419a9adf4460ea14cfd6bc43d08701f0835e979bf821052f1805850fe8", size = 488736 },
    { url = "https://files.pythonhosted.org/packages/86/c5/28b2d6f799ec0bdecf44dced2ec5ed43e0eb63097b0f58c293583b406582/cffi-1.17.1-cp312-cp312-win32.whl", hash = "sha256:a08d7e755f8ed21095a310a693525137cfe756ce62d066e53f502a83dc550f65", size = 172448 },
    { url = "https://files.pythonhosted.org/packages/50/b9/db34c4755a7bd1cb2d1603ac3863f22bcecbd1ba29e5ee841a4bc510b294/cffi-1.17.1-cp312-cp312-win_amd64.whl", hash = "sha256:51392eae71afec0d0c8fb1a53b204dbb3bcabcb3c9b807eedf3e1e6ccf2de903", size = 181976 },
    { url = "https://files.pythonhosted.org/packages/8d/f8/dd6c246b148639254dad4d6803eb6a54e8c85c6e11ec9df2cffa87571dbe/cffi-1.17.1-cp313-cp313-macosx_10_13_x86_64.whl", hash = "sha256:f3a2b4222ce6b60e2e8b337bb9596923045681d71e5a082783484d845390938e", size = 182989 },
    { url = "https://files.pythonhosted.org/packages/8b/f1/672d303ddf17c24fc83afd712316fda78dc6fce1cd53011b839483e1ecc8/cffi-1.17.1-cp313-cp313-macosx_11_0_arm64.whl", hash = "sha256:0984a4925a435b1da406122d4d7968dd861c1385afe3b45ba82b750f229811e2", size = 178802 },
    { url = "https://files.pythonhosted.org/packages/0e/2d/eab2e858a91fdff70533cab61dcff4a1f55ec60425832ddfdc9cd36bc8af/cffi-1.17.1-cp313-cp313-manylinux_2_12_i686.manylinux2010_i686.manylinux_2_17_i686.manylinux2014_i686.whl", hash = "sha256:d01b12eeeb4427d3110de311e1774046ad344f5b1a7403101878976ecd7a10f3", size = 454792 },
    { url = "https://files.pythonhosted.org/packages/75/b2/fbaec7c4455c604e29388d55599b99ebcc250a60050610fadde58932b7ee/cffi-1.17.1-cp313-cp313-manylinux_2_17_aarch64.manylinux2014_aarch64.whl", hash = "sha256:706510fe141c86a69c8ddc029c7910003a17353970cff3b904ff0686a5927683", size = 478893 },
    { url = "https://files.pythonhosted.org/packages/4f/b7/6e4a2162178bf1935c336d4da8a9352cccab4d3a5d7914065490f08c0690/cffi-1.17.1-cp313-cp313-manylinux_2_17_ppc64le.manylinux2014_ppc64le.whl", hash = "sha256:de55b766c7aa2e2a3092c51e0483d700341182f08e67c63630d5b6f200bb28e5", size = 485810 },
    { url = "https://files.pythonhosted.org/packages/c7/8a/1d0e4a9c26e54746dc08c2c6c037889124d4f59dffd853a659fa545f1b40/cffi-1.17.1-cp313-cp313-manylinux_2_17_s390x.manylinux2014_s390x.whl", hash = "sha256:c59d6e989d07460165cc5ad3c61f9fd8f1b4796eacbd81cee78957842b834af4", size = 471200 },
    { url = "https://files.pythonhosted.org/packages/26/9f/1aab65a6c0db35f43c4d1b4f580e8df53914310afc10ae0397d29d697af4/cffi-1.17.1-cp313-cp313-manylinux_2_17_x86_64.manylinux2014_x86_64.whl", hash = "sha256:dd398dbc6773384a17fe0d3e7eeb8d1a21c2200473ee6806bb5e6a8e62bb73dd", size = 479447 },
    { url = "https://files.pythonhosted.org/packages/5f/e4/fb8b3dd8dc0e98edf1135ff067ae070bb32ef9d509d6cb0f538cd6f7483f/cffi-1.17.1-cp313-cp313-musllinux_1_1_aarch64.whl", hash = "sha256:3edc8d958eb099c634dace3c7e16560ae474aa3803a5df240542b305d14e14ed", size = 484358 },
    { url = "https://files.pythonhosted.org/packages/f1/47/d7145bf2dc04684935d57d67dff9d6d795b2ba2796806bb109864be3a151/cffi-1.17.1-cp313-cp313-musllinux_1_1_x86_64.whl", hash = "sha256:72e72408cad3d5419375fc87d289076ee319835bdfa2caad331e377589aebba9", size = 488469 },
    { url = "https://files.pythonhosted.org/packages/bf/ee/f94057fa6426481d663b88637a9a10e859e492c73d0384514a17d78ee205/cffi-1.17.1-cp313-cp313-win32.whl", hash = "sha256:e03eab0a8677fa80d646b5ddece1cbeaf556c313dcfac435ba11f107ba117b5d", size = 172475 },
    { url = "https://files.pythonhosted.org/packages/7c/fc/6a8cb64e5f0324877d503c854da15d76c1e50eb722e320b15345c4d0c6de/cffi-1.17.1-cp313-cp313-win_amd64.whl", hash = "sha256:f6a16c31041f09ead72d69f583767292f750d24913dadacf5756b966aacb3f1a", size = 182009 },
    { url = "https://files.pythonhosted.org/packages/b9/ea/8bb50596b8ffbc49ddd7a1ad305035daa770202a6b782fc164647c2673ad/cffi-1.17.1-cp39-cp39-macosx_10_9_x86_64.whl", hash = "sha256:b2ab587605f4ba0bf81dc0cb08a41bd1c0a5906bd59243d56bad7668a6fc6c16", size = 182220 },
    { url = "https://files.pythonhosted.org/packages/ae/11/e77c8cd24f58285a82c23af484cf5b124a376b32644e445960d1a4654c3a/cffi-1.17.1-cp39-cp39-macosx_11_0_arm64.whl", hash = "sha256:28b16024becceed8c6dfbc75629e27788d8a3f9030691a1dbf9821a128b22c36", size = 178605 },
    { url = "https://files.pythonhosted.org/packages/ed/65/25a8dc32c53bf5b7b6c2686b42ae2ad58743f7ff644844af7cdb29b49361/cffi-1.17.1-cp39-cp39-manylinux_2_12_i686.manylinux2010_i686.manylinux_2_17_i686.manylinux2014_i686.whl", hash = "sha256:1d599671f396c4723d016dbddb72fe8e0397082b0a77a4fab8028923bec050e8", size = 424910 },
    { url = "https://files.pythonhosted.org/packages/42/7a/9d086fab7c66bd7c4d0f27c57a1b6b068ced810afc498cc8c49e0088661c/cffi-1.17.1-cp39-cp39-manylinux_2_17_aarch64.manylinux2014_aarch64.whl", hash = "sha256:ca74b8dbe6e8e8263c0ffd60277de77dcee6c837a3d0881d8c1ead7268c9e576", size = 447200 },
    { url = "https://files.pythonhosted.org/packages/da/63/1785ced118ce92a993b0ec9e0d0ac8dc3e5dbfbcaa81135be56c69cabbb6/cffi-1.17.1-cp39-cp39-manylinux_2_17_ppc64le.manylinux2014_ppc64le.whl", hash = "sha256:f7f5baafcc48261359e14bcd6d9bff6d4b28d9103847c9e136694cb0501aef87", size = 454565 },
    { url = "https://files.pythonhosted.org/packages/74/06/90b8a44abf3556599cdec107f7290277ae8901a58f75e6fe8f970cd72418/cffi-1.17.1-cp39-cp39-manylinux_2_17_s390x.manylinux2014_s390x.whl", hash = "sha256:98e3969bcff97cae1b2def8ba499ea3d6f31ddfdb7635374834cf89a1a08ecf0", size = 435635 },
    { url = "https://files.pythonhosted.org/packages/bd/62/a1f468e5708a70b1d86ead5bab5520861d9c7eacce4a885ded9faa7729c3/cffi-1.17.1-cp39-cp39-manylinux_2_17_x86_64.manylinux2014_x86_64.whl", hash = "sha256:cdf5ce3acdfd1661132f2a9c19cac174758dc2352bfe37d98aa7512c6b7178b3", size = 445218 },
    { url = "https://files.pythonhosted.org/packages/5b/95/b34462f3ccb09c2594aa782d90a90b045de4ff1f70148ee79c69d37a0a5a/cffi-1.17.1-cp39-cp39-musllinux_1_1_aarch64.whl", hash = "sha256:9755e4345d1ec879e3849e62222a18c7174d65a6a92d5b346b1863912168b595", size = 460486 },
    { url = "https://files.pythonhosted.org/packages/fc/fc/a1e4bebd8d680febd29cf6c8a40067182b64f00c7d105f8f26b5bc54317b/cffi-1.17.1-cp39-cp39-musllinux_1_1_i686.whl", hash = "sha256:f1e22e8c4419538cb197e4dd60acc919d7696e5ef98ee4da4e01d3f8cfa4cc5a", size = 437911 },
    { url = "https://files.pythonhosted.org/packages/e6/c3/21cab7a6154b6a5ea330ae80de386e7665254835b9e98ecc1340b3a7de9a/cffi-1.17.1-cp39-cp39-musllinux_1_1_x86_64.whl", hash = "sha256:c03e868a0b3bc35839ba98e74211ed2b05d2119be4e8a0f224fba9384f1fe02e", size = 460632 },
    { url = "https://files.pythonhosted.org/packages/cb/b5/fd9f8b5a84010ca169ee49f4e4ad6f8c05f4e3545b72ee041dbbcb159882/cffi-1.17.1-cp39-cp39-win32.whl", hash = "sha256:e31ae45bc2e29f6b2abd0de1cc3b9d5205aa847cafaecb8af1476a609a2f6eb7", size = 171820 },
    { url = "https://files.pythonhosted.org/packages/8c/52/b08750ce0bce45c143e1b5d7357ee8c55341b52bdef4b0f081af1eb248c2/cffi-1.17.1-cp39-cp39-win_amd64.whl", hash = "sha256:d016c76bdd850f3c626af19b0542c9677ba156e4ee4fccfdd7848803533ef662", size = 181290 },
]

[[package]]
name = "colorama"
version = "0.4.6"
source = { registry = "https://pypi.org/simple" }
sdist = { url = "https://files.pythonhosted.org/packages/d8/53/6f443c9a4a8358a93a6792e2acffb9d9d5cb0a5cfd8802644b7b1c9a02e4/colorama-0.4.6.tar.gz", hash = "sha256:08695f5cb7ed6e0531a20572697297273c47b8cae5a63ffc6d6ed5c201be6e44", size = 27697 }
wheels = [
    { url = "https://files.pythonhosted.org/packages/d1/d6/3965ed04c63042e047cb6a3e6ed1a63a35087b6a609aa3a15ed8ac56c221/colorama-0.4.6-py2.py3-none-any.whl", hash = "sha256:4f1d9991f5acc0ca119f9d443620b77f9d6b33703e51011c16baf57afb285fc6", size = 25335 },
]

[[package]]
name = "cryptography"
version = "44.0.1"
source = { registry = "https://pypi.org/simple" }
dependencies = [
    { name = "cffi", marker = "platform_python_implementation != 'PyPy'" },
]
sdist = { url = "https://files.pythonhosted.org/packages/c7/67/545c79fe50f7af51dbad56d16b23fe33f63ee6a5d956b3cb68ea110cbe64/cryptography-44.0.1.tar.gz", hash = "sha256:f51f5705ab27898afda1aaa430f34ad90dc117421057782022edf0600bec5f14", size = 710819 }
wheels = [
    { url = "https://files.pythonhosted.org/packages/72/27/5e3524053b4c8889da65cf7814a9d0d8514a05194a25e1e34f46852ee6eb/cryptography-44.0.1-cp37-abi3-macosx_10_9_universal2.whl", hash = "sha256:bf688f615c29bfe9dfc44312ca470989279f0e94bb9f631f85e3459af8efc009", size = 6642022 },
    { url = "https://files.pythonhosted.org/packages/34/b9/4d1fa8d73ae6ec350012f89c3abfbff19fc95fe5420cf972e12a8d182986/cryptography-44.0.1-cp37-abi3-manylinux_2_17_aarch64.manylinux2014_aarch64.whl", hash = "sha256:dd7c7e2d71d908dc0f8d2027e1604102140d84b155e658c20e8ad1304317691f", size = 3943865 },
    { url = "https://files.pythonhosted.org/packages/6e/57/371a9f3f3a4500807b5fcd29fec77f418ba27ffc629d88597d0d1049696e/cryptography-44.0.1-cp37-abi3-manylinux_2_17_x86_64.manylinux2014_x86_64.whl", hash = "sha256:887143b9ff6bad2b7570da75a7fe8bbf5f65276365ac259a5d2d5147a73775f2", size = 4162562 },
    { url = "https://files.pythonhosted.org/packages/c5/1d/5b77815e7d9cf1e3166988647f336f87d5634a5ccecec2ffbe08ef8dd481/cryptography-44.0.1-cp37-abi3-manylinux_2_28_aarch64.whl", hash = "sha256:322eb03ecc62784536bc173f1483e76747aafeb69c8728df48537eb431cd1911", size = 3951923 },
    { url = "https://files.pythonhosted.org/packages/28/01/604508cd34a4024467cd4105887cf27da128cba3edd435b54e2395064bfb/cryptography-44.0.1-cp37-abi3-manylinux_2_28_armv7l.manylinux_2_31_armv7l.whl", hash = "sha256:21377472ca4ada2906bc313168c9dc7b1d7ca417b63c1c3011d0c74b7de9ae69", size = 3685194 },
    { url = "https://files.pythonhosted.org/packages/c6/3d/d3c55d4f1d24580a236a6753902ef6d8aafd04da942a1ee9efb9dc8fd0cb/cryptography-44.0.1-cp37-abi3-manylinux_2_28_x86_64.whl", hash = "sha256:df978682c1504fc93b3209de21aeabf2375cb1571d4e61907b3e7a2540e83026", size = 4187790 },
    { url = "https://files.pythonhosted.org/packages/ea/a6/44d63950c8588bfa8594fd234d3d46e93c3841b8e84a066649c566afb972/cryptography-44.0.1-cp37-abi3-manylinux_2_34_aarch64.whl", hash = "sha256:eb3889330f2a4a148abead555399ec9a32b13b7c8ba969b72d8e500eb7ef84cd", size = 3951343 },
    { url = "https://files.pythonhosted.org/packages/c1/17/f5282661b57301204cbf188254c1a0267dbd8b18f76337f0a7ce1038888c/cryptography-44.0.1-cp37-abi3-manylinux_2_34_x86_64.whl", hash = "sha256:8e6a85a93d0642bd774460a86513c5d9d80b5c002ca9693e63f6e540f1815ed0", size = 4187127 },
    { url = "https://files.pythonhosted.org/packages/f3/68/abbae29ed4f9d96596687f3ceea8e233f65c9645fbbec68adb7c756bb85a/cryptography-44.0.1-cp37-abi3-musllinux_1_2_aarch64.whl", hash = "sha256:6f76fdd6fd048576a04c5210d53aa04ca34d2ed63336d4abd306d0cbe298fddf", size = 4070666 },
    { url = "https://files.pythonhosted.org/packages/0f/10/cf91691064a9e0a88ae27e31779200b1505d3aee877dbe1e4e0d73b4f155/cryptography-44.0.1-cp37-abi3-musllinux_1_2_x86_64.whl", hash = "sha256:6c8acf6f3d1f47acb2248ec3ea261171a671f3d9428e34ad0357148d492c7864", size = 4288811 },
    { url = "https://files.pythonhosted.org/packages/38/78/74ea9eb547d13c34e984e07ec8a473eb55b19c1451fe7fc8077c6a4b0548/cryptography-44.0.1-cp37-abi3-win32.whl", hash = "sha256:24979e9f2040c953a94bf3c6782e67795a4c260734e5264dceea65c8f4bae64a", size = 2771882 },
    { url = "https://files.pythonhosted.org/packages/cf/6c/3907271ee485679e15c9f5e93eac6aa318f859b0aed8d369afd636fafa87/cryptography-44.0.1-cp37-abi3-win_amd64.whl", hash = "sha256:fd0ee90072861e276b0ff08bd627abec29e32a53b2be44e41dbcdf87cbee2b00", size = 3206989 },
    { url = "https://files.pythonhosted.org/packages/9f/f1/676e69c56a9be9fd1bffa9bc3492366901f6e1f8f4079428b05f1414e65c/cryptography-44.0.1-cp39-abi3-macosx_10_9_universal2.whl", hash = "sha256:a2d8a7045e1ab9b9f803f0d9531ead85f90c5f2859e653b61497228b18452008", size = 6643714 },
    { url = "https://files.pythonhosted.org/packages/ba/9f/1775600eb69e72d8f9931a104120f2667107a0ee478f6ad4fe4001559345/cryptography-44.0.1-cp39-abi3-manylinux_2_17_aarch64.manylinux2014_aarch64.whl", hash = "sha256:b8272f257cf1cbd3f2e120f14c68bff2b6bdfcc157fafdee84a1b795efd72862", size = 3943269 },
    { url = "https://files.pythonhosted.org/packages/25/ba/e00d5ad6b58183829615be7f11f55a7b6baa5a06910faabdc9961527ba44/cryptography-44.0.1-cp39-abi3-manylinux_2_17_x86_64.manylinux2014_x86_64.whl", hash = "sha256:1e8d181e90a777b63f3f0caa836844a1182f1f265687fac2115fcf245f5fbec3", size = 4166461 },
    { url = "https://files.pythonhosted.org/packages/b3/45/690a02c748d719a95ab08b6e4decb9d81e0ec1bac510358f61624c86e8a3/cryptography-44.0.1-cp39-abi3-manylinux_2_28_aarch64.whl", hash = "sha256:436df4f203482f41aad60ed1813811ac4ab102765ecae7a2bbb1dbb66dcff5a7", size = 3950314 },
    { url = "https://files.pythonhosted.org/packages/e6/50/bf8d090911347f9b75adc20f6f6569ed6ca9b9bff552e6e390f53c2a1233/cryptography-44.0.1-cp39-abi3-manylinux_2_28_armv7l.manylinux_2_31_armv7l.whl", hash = "sha256:4f422e8c6a28cf8b7f883eb790695d6d45b0c385a2583073f3cec434cc705e1a", size = 3686675 },
    { url = "https://files.pythonhosted.org/packages/e1/e7/cfb18011821cc5f9b21efb3f94f3241e3a658d267a3bf3a0f45543858ed8/cryptography-44.0.1-cp39-abi3-manylinux_2_28_x86_64.whl", hash = "sha256:72198e2b5925155497a5a3e8c216c7fb3e64c16ccee11f0e7da272fa93b35c4c", size = 4190429 },
    { url = "https://files.pythonhosted.org/packages/07/ef/77c74d94a8bfc1a8a47b3cafe54af3db537f081742ee7a8a9bd982b62774/cryptography-44.0.1-cp39-abi3-manylinux_2_34_aarch64.whl", hash = "sha256:2a46a89ad3e6176223b632056f321bc7de36b9f9b93b2cc1cccf935a3849dc62", size = 3950039 },
    { url = "https://files.pythonhosted.org/packages/6d/b9/8be0ff57c4592382b77406269b1e15650c9f1a167f9e34941b8515b97159/cryptography-44.0.1-cp39-abi3-manylinux_2_34_x86_64.whl", hash = "sha256:53f23339864b617a3dfc2b0ac8d5c432625c80014c25caac9082314e9de56f41", size = 4189713 },
    { url = "https://files.pythonhosted.org/packages/78/e1/4b6ac5f4100545513b0847a4d276fe3c7ce0eacfa73e3b5ebd31776816ee/cryptography-44.0.1-cp39-abi3-musllinux_1_2_aarch64.whl", hash = "sha256:888fcc3fce0c888785a4876ca55f9f43787f4c5c1cc1e2e0da71ad481ff82c5b", size = 4071193 },
    { url = "https://files.pythonhosted.org/packages/3d/cb/afff48ceaed15531eab70445abe500f07f8f96af2bb35d98af6bfa89ebd4/cryptography-44.0.1-cp39-abi3-musllinux_1_2_x86_64.whl", hash = "sha256:00918d859aa4e57db8299607086f793fa7813ae2ff5a4637e318a25ef82730f7", size = 4289566 },
    { url = "https://files.pythonhosted.org/packages/30/6f/4eca9e2e0f13ae459acd1ca7d9f0257ab86e68f44304847610afcb813dc9/cryptography-44.0.1-cp39-abi3-win32.whl", hash = "sha256:9b336599e2cb77b1008cb2ac264b290803ec5e8e89d618a5e978ff5eb6f715d9", size = 2772371 },
    { url = "https://files.pythonhosted.org/packages/d2/05/5533d30f53f10239616a357f080892026db2d550a40c393d0a8a7af834a9/cryptography-44.0.1-cp39-abi3-win_amd64.whl", hash = "sha256:e403f7f766ded778ecdb790da786b418a9f2394f36e8cc8b796cc056ab05f44f", size = 3207303 },
    { url = "https://files.pythonhosted.org/packages/15/06/507bfb5c7e048114a0185dd65f7814677a2ba285d15705c3d69e660c21d7/cryptography-44.0.1-pp310-pypy310_pp73-macosx_10_9_x86_64.whl", hash = "sha256:1f9a92144fa0c877117e9748c74501bea842f93d21ee00b0cf922846d9d0b183", size = 3380782 },
    { url = "https://files.pythonhosted.org/packages/e0/f1/7fb4982d59aa86e1a116c812b545e7fc045352be07738ae3fb278835a9a4/cryptography-44.0.1-pp310-pypy310_pp73-manylinux_2_28_aarch64.whl", hash = "sha256:610a83540765a8d8ce0f351ce42e26e53e1f774a6efb71eb1b41eb01d01c3d12", size = 3888155 },
    { url = "https://files.pythonhosted.org/packages/60/7b/cbc203838d3092203493d18b923fbbb1de64e0530b332a713ba376905b0b/cryptography-44.0.1-pp310-pypy310_pp73-manylinux_2_28_x86_64.whl", hash = "sha256:5fed5cd6102bb4eb843e3315d2bf25fede494509bddadb81e03a859c1bc17b83", size = 4106417 },
    { url = "https://files.pythonhosted.org/packages/12/c7/2fe59fb085ab418acc82e91e040a6acaa7b1696fcc1c1055317537fbf0d3/cryptography-44.0.1-pp310-pypy310_pp73-manylinux_2_34_aarch64.whl", hash = "sha256:f4daefc971c2d1f82f03097dc6f216744a6cd2ac0f04c68fb935ea2ba2a0d420", size = 3887540 },
    { url = "https://files.pythonhosted.org/packages/48/89/09fc7b115f60f5bd970b80e32244f8e9aeeb9244bf870b63420cec3b5cd5/cryptography-44.0.1-pp310-pypy310_pp73-manylinux_2_34_x86_64.whl", hash = "sha256:94f99f2b943b354a5b6307d7e8d19f5c423a794462bde2bf310c770ba052b1c4", size = 4106040 },
    { url = "https://files.pythonhosted.org/packages/2e/38/3fd83c4690dc7d753a442a284b3826ea5e5c380a411443c66421cd823898/cryptography-44.0.1-pp310-pypy310_pp73-win_amd64.whl", hash = "sha256:d9c5b9f698a83c8bd71e0f4d3f9f839ef244798e5ffe96febfa9714717db7af7", size = 3134657 },
]

[[package]]
name = "greenlet"
version = "3.1.1"
source = { registry = "https://pypi.org/simple" }
sdist = { url = "https://files.pythonhosted.org/packages/2f/ff/df5fede753cc10f6a5be0931204ea30c35fa2f2ea7a35b25bdaf4fe40e46/greenlet-3.1.1.tar.gz", hash = "sha256:4ce3ac6cdb6adf7946475d7ef31777c26d94bccc377e070a7986bd2d5c515467", size = 186022 }
wheels = [
    { url = "https://files.pythonhosted.org/packages/25/90/5234a78dc0ef6496a6eb97b67a42a8e96742a56f7dc808cb954a85390448/greenlet-3.1.1-cp310-cp310-macosx_11_0_universal2.whl", hash = "sha256:0bbae94a29c9e5c7e4a2b7f0aae5c17e8e90acbfd3bf6270eeba60c39fce3563", size = 271235 },
    { url = "https://files.pythonhosted.org/packages/7c/16/cd631fa0ab7d06ef06387135b7549fdcc77d8d859ed770a0d28e47b20972/greenlet-3.1.1-cp310-cp310-manylinux_2_17_aarch64.manylinux2014_aarch64.whl", hash = "sha256:0fde093fb93f35ca72a556cf72c92ea3ebfda3d79fc35bb19fbe685853869a83", size = 637168 },
    { url = "https://files.pythonhosted.org/packages/2f/b1/aed39043a6fec33c284a2c9abd63ce191f4f1a07319340ffc04d2ed3256f/greenlet-3.1.1-cp310-cp310-manylinux_2_17_ppc64le.manylinux2014_ppc64le.whl", hash = "sha256:36b89d13c49216cadb828db8dfa6ce86bbbc476a82d3a6c397f0efae0525bdd0", size = 648826 },
    { url = "https://files.pythonhosted.org/packages/76/25/40e0112f7f3ebe54e8e8ed91b2b9f970805143efef16d043dfc15e70f44b/greenlet-3.1.1-cp310-cp310-manylinux_2_17_s390x.manylinux2014_s390x.whl", hash = "sha256:94b6150a85e1b33b40b1464a3f9988dcc5251d6ed06842abff82e42632fac120", size = 644443 },
    { url = "https://files.pythonhosted.org/packages/fb/2f/3850b867a9af519794784a7eeed1dd5bc68ffbcc5b28cef703711025fd0a/greenlet-3.1.1-cp310-cp310-manylinux_2_17_x86_64.manylinux2014_x86_64.whl", hash = "sha256:93147c513fac16385d1036b7e5b102c7fbbdb163d556b791f0f11eada7ba65dc", size = 643295 },
    { url = "https://files.pythonhosted.org/packages/cf/69/79e4d63b9387b48939096e25115b8af7cd8a90397a304f92436bcb21f5b2/greenlet-3.1.1-cp310-cp310-manylinux_2_24_x86_64.manylinux_2_28_x86_64.whl", hash = "sha256:da7a9bff22ce038e19bf62c4dd1ec8391062878710ded0a845bcf47cc0200617", size = 599544 },
    { url = "https://files.pythonhosted.org/packages/46/1d/44dbcb0e6c323bd6f71b8c2f4233766a5faf4b8948873225d34a0b7efa71/greenlet-3.1.1-cp310-cp310-musllinux_1_1_aarch64.whl", hash = "sha256:b2795058c23988728eec1f36a4e5e4ebad22f8320c85f3587b539b9ac84128d7", size = 1125456 },
    { url = "https://files.pythonhosted.org/packages/e0/1d/a305dce121838d0278cee39d5bb268c657f10a5363ae4b726848f833f1bb/greenlet-3.1.1-cp310-cp310-musllinux_1_1_x86_64.whl", hash = "sha256:ed10eac5830befbdd0c32f83e8aa6288361597550ba669b04c48f0f9a2c843c6", size = 1149111 },
    { url = "https://files.pythonhosted.org/packages/96/28/d62835fb33fb5652f2e98d34c44ad1a0feacc8b1d3f1aecab035f51f267d/greenlet-3.1.1-cp310-cp310-win_amd64.whl", hash = "sha256:77c386de38a60d1dfb8e55b8c1101d68c79dfdd25c7095d51fec2dd800892b80", size = 298392 },
    { url = "https://files.pythonhosted.org/packages/28/62/1c2665558618553c42922ed47a4e6d6527e2fa3516a8256c2f431c5d0441/greenlet-3.1.1-cp311-cp311-macosx_11_0_universal2.whl", hash = "sha256:e4d333e558953648ca09d64f13e6d8f0523fa705f51cae3f03b5983489958c70", size = 272479 },
    { url = "https://files.pythonhosted.org/packages/76/9d/421e2d5f07285b6e4e3a676b016ca781f63cfe4a0cd8eaecf3fd6f7a71ae/greenlet-3.1.1-cp311-cp311-manylinux_2_17_aarch64.manylinux2014_aarch64.whl", hash = "sha256:09fc016b73c94e98e29af67ab7b9a879c307c6731a2c9da0db5a7d9b7edd1159", size = 640404 },
    { url = "https://files.pythonhosted.org/packages/e5/de/6e05f5c59262a584e502dd3d261bbdd2c97ab5416cc9c0b91ea38932a901/greenlet-3.1.1-cp311-cp311-manylinux_2_17_ppc64le.manylinux2014_ppc64le.whl", hash = "sha256:d5e975ca70269d66d17dd995dafc06f1b06e8cb1ec1e9ed54c1d1e4a7c4cf26e", size = 652813 },
    { url = "https://files.pythonhosted.org/packages/49/93/d5f93c84241acdea15a8fd329362c2c71c79e1a507c3f142a5d67ea435ae/greenlet-3.1.1-cp311-cp311-manylinux_2_17_s390x.manylinux2014_s390x.whl", hash = "sha256:3b2813dc3de8c1ee3f924e4d4227999285fd335d1bcc0d2be6dc3f1f6a318ec1", size = 648517 },
    { url = "https://files.pythonhosted.org/packages/15/85/72f77fc02d00470c86a5c982b8daafdf65d38aefbbe441cebff3bf7037fc/greenlet-3.1.1-cp311-cp311-manylinux_2_17_x86_64.manylinux2014_x86_64.whl", hash = "sha256:e347b3bfcf985a05e8c0b7d462ba6f15b1ee1c909e2dcad795e49e91b152c383", size = 647831 },
    { url = "https://files.pythonhosted.org/packages/f7/4b/1c9695aa24f808e156c8f4813f685d975ca73c000c2a5056c514c64980f6/greenlet-3.1.1-cp311-cp311-manylinux_2_24_x86_64.manylinux_2_28_x86_64.whl", hash = "sha256:9e8f8c9cb53cdac7ba9793c276acd90168f416b9ce36799b9b885790f8ad6c0a", size = 602413 },
    { url = "https://files.pythonhosted.org/packages/76/70/ad6e5b31ef330f03b12559d19fda2606a522d3849cde46b24f223d6d1619/greenlet-3.1.1-cp311-cp311-musllinux_1_1_aarch64.whl", hash = "sha256:62ee94988d6b4722ce0028644418d93a52429e977d742ca2ccbe1c4f4a792511", size = 1129619 },
    { url = "https://files.pythonhosted.org/packages/f4/fb/201e1b932e584066e0f0658b538e73c459b34d44b4bd4034f682423bc801/greenlet-3.1.1-cp311-cp311-musllinux_1_1_x86_64.whl", hash = "sha256:1776fd7f989fc6b8d8c8cb8da1f6b82c5814957264d1f6cf818d475ec2bf6395", size = 1155198 },
    { url = "https://files.pythonhosted.org/packages/12/da/b9ed5e310bb8b89661b80cbcd4db5a067903bbcd7fc854923f5ebb4144f0/greenlet-3.1.1-cp311-cp311-win_amd64.whl", hash = "sha256:48ca08c771c268a768087b408658e216133aecd835c0ded47ce955381105ba39", size = 298930 },
    { url = "https://files.pythonhosted.org/packages/7d/ec/bad1ac26764d26aa1353216fcbfa4670050f66d445448aafa227f8b16e80/greenlet-3.1.1-cp312-cp312-macosx_11_0_universal2.whl", hash = "sha256:4afe7ea89de619adc868e087b4d2359282058479d7cfb94970adf4b55284574d", size = 274260 },
    { url = "https://files.pythonhosted.org/packages/66/d4/c8c04958870f482459ab5956c2942c4ec35cac7fe245527f1039837c17a9/greenlet-3.1.1-cp312-cp312-manylinux_2_17_aarch64.manylinux2014_aarch64.whl", hash = "sha256:f406b22b7c9a9b4f8aa9d2ab13d6ae0ac3e85c9a809bd590ad53fed2bf70dc79", size = 649064 },
    { url = "https://files.pythonhosted.org/packages/51/41/467b12a8c7c1303d20abcca145db2be4e6cd50a951fa30af48b6ec607581/greenlet-3.1.1-cp312-cp312-manylinux_2_17_ppc64le.manylinux2014_ppc64le.whl", hash = "sha256:c3a701fe5a9695b238503ce5bbe8218e03c3bcccf7e204e455e7462d770268aa", size = 663420 },
    { url = "https://files.pythonhosted.org/packages/27/8f/2a93cd9b1e7107d5c7b3b7816eeadcac2ebcaf6d6513df9abaf0334777f6/greenlet-3.1.1-cp312-cp312-manylinux_2_17_s390x.manylinux2014_s390x.whl", hash = "sha256:2846930c65b47d70b9d178e89c7e1a69c95c1f68ea5aa0a58646b7a96df12441", size = 658035 },
    { url = "https://files.pythonhosted.org/packages/57/5c/7c6f50cb12be092e1dccb2599be5a942c3416dbcfb76efcf54b3f8be4d8d/greenlet-3.1.1-cp312-cp312-manylinux_2_17_x86_64.manylinux2014_x86_64.whl", hash = "sha256:99cfaa2110534e2cf3ba31a7abcac9d328d1d9f1b95beede58294a60348fba36", size = 660105 },
    { url = "https://files.pythonhosted.org/packages/f1/66/033e58a50fd9ec9df00a8671c74f1f3a320564c6415a4ed82a1c651654ba/greenlet-3.1.1-cp312-cp312-manylinux_2_24_x86_64.manylinux_2_28_x86_64.whl", hash = "sha256:1443279c19fca463fc33e65ef2a935a5b09bb90f978beab37729e1c3c6c25fe9", size = 613077 },
    { url = "https://files.pythonhosted.org/packages/19/c5/36384a06f748044d06bdd8776e231fadf92fc896bd12cb1c9f5a1bda9578/greenlet-3.1.1-cp312-cp312-musllinux_1_1_aarch64.whl", hash = "sha256:b7cede291382a78f7bb5f04a529cb18e068dd29e0fb27376074b6d0317bf4dd0", size = 1135975 },
    { url = "https://files.pythonhosted.org/packages/38/f9/c0a0eb61bdf808d23266ecf1d63309f0e1471f284300ce6dac0ae1231881/greenlet-3.1.1-cp312-cp312-musllinux_1_1_x86_64.whl", hash = "sha256:23f20bb60ae298d7d8656c6ec6db134bca379ecefadb0b19ce6f19d1f232a942", size = 1163955 },
    { url = "https://files.pythonhosted.org/packages/43/21/a5d9df1d21514883333fc86584c07c2b49ba7c602e670b174bd73cfc9c7f/greenlet-3.1.1-cp312-cp312-win_amd64.whl", hash = "sha256:7124e16b4c55d417577c2077be379514321916d5790fa287c9ed6f23bd2ffd01", size = 299655 },
    { url = "https://files.pythonhosted.org/packages/f3/57/0db4940cd7bb461365ca8d6fd53e68254c9dbbcc2b452e69d0d41f10a85e/greenlet-3.1.1-cp313-cp313-macosx_11_0_universal2.whl", hash = "sha256:05175c27cb459dcfc05d026c4232f9de8913ed006d42713cb8a5137bd49375f1", size = 272990 },
    { url = "https://files.pythonhosted.org/packages/1c/ec/423d113c9f74e5e402e175b157203e9102feeb7088cee844d735b28ef963/greenlet-3.1.1-cp313-cp313-manylinux_2_17_aarch64.manylinux2014_aarch64.whl", hash = "sha256:935e943ec47c4afab8965954bf49bfa639c05d4ccf9ef6e924188f762145c0ff", size = 649175 },
    { url = "https://files.pythonhosted.org/packages/a9/46/ddbd2db9ff209186b7b7c621d1432e2f21714adc988703dbdd0e65155c77/greenlet-3.1.1-cp313-cp313-manylinux_2_17_ppc64le.manylinux2014_ppc64le.whl", hash = "sha256:667a9706c970cb552ede35aee17339a18e8f2a87a51fba2ed39ceeeb1004798a", size = 663425 },
    { url = "https://files.pythonhosted.org/packages/bc/f9/9c82d6b2b04aa37e38e74f0c429aece5eeb02bab6e3b98e7db89b23d94c6/greenlet-3.1.1-cp313-cp313-manylinux_2_17_s390x.manylinux2014_s390x.whl", hash = "sha256:b8a678974d1f3aa55f6cc34dc480169d58f2e6d8958895d68845fa4ab566509e", size = 657736 },
    { url = "https://files.pythonhosted.org/packages/d9/42/b87bc2a81e3a62c3de2b0d550bf91a86939442b7ff85abb94eec3fc0e6aa/greenlet-3.1.1-cp313-cp313-manylinux_2_17_x86_64.manylinux2014_x86_64.whl", hash = "sha256:efc0f674aa41b92da8c49e0346318c6075d734994c3c4e4430b1c3f853e498e4", size = 660347 },
    { url = "https://files.pythonhosted.org/packages/37/fa/71599c3fd06336cdc3eac52e6871cfebab4d9d70674a9a9e7a482c318e99/greenlet-3.1.1-cp313-cp313-manylinux_2_24_x86_64.manylinux_2_28_x86_64.whl", hash = "sha256:0153404a4bb921f0ff1abeb5ce8a5131da56b953eda6e14b88dc6bbc04d2049e", size = 615583 },
    { url = "https://files.pythonhosted.org/packages/4e/96/e9ef85de031703ee7a4483489b40cf307f93c1824a02e903106f2ea315fe/greenlet-3.1.1-cp313-cp313-musllinux_1_1_aarch64.whl", hash = "sha256:275f72decf9932639c1c6dd1013a1bc266438eb32710016a1c742df5da6e60a1", size = 1133039 },
    { url = "https://files.pythonhosted.org/packages/87/76/b2b6362accd69f2d1889db61a18c94bc743e961e3cab344c2effaa4b4a25/greenlet-3.1.1-cp313-cp313-musllinux_1_1_x86_64.whl", hash = "sha256:c4aab7f6381f38a4b42f269057aee279ab0fc7bf2e929e3d4abfae97b682a12c", size = 1160716 },
    { url = "https://files.pythonhosted.org/packages/1f/1b/54336d876186920e185066d8c3024ad55f21d7cc3683c856127ddb7b13ce/greenlet-3.1.1-cp313-cp313-win_amd64.whl", hash = "sha256:b42703b1cf69f2aa1df7d1030b9d77d3e584a70755674d60e710f0af570f3761", size = 299490 },
    { url = "https://files.pythonhosted.org/packages/5f/17/bea55bf36990e1638a2af5ba10c1640273ef20f627962cf97107f1e5d637/greenlet-3.1.1-cp313-cp313t-manylinux_2_17_aarch64.manylinux2014_aarch64.whl", hash = "sha256:f1695e76146579f8c06c1509c7ce4dfe0706f49c6831a817ac04eebb2fd02011", size = 643731 },
    { url = "https://files.pythonhosted.org/packages/78/d2/aa3d2157f9ab742a08e0fd8f77d4699f37c22adfbfeb0c610a186b5f75e0/greenlet-3.1.1-cp313-cp313t-manylinux_2_17_ppc64le.manylinux2014_ppc64le.whl", hash = "sha256:7876452af029456b3f3549b696bb36a06db7c90747740c5302f74a9e9fa14b13", size = 649304 },
    { url = "https://files.pythonhosted.org/packages/f1/8e/d0aeffe69e53ccff5a28fa86f07ad1d2d2d6537a9506229431a2a02e2f15/greenlet-3.1.1-cp313-cp313t-manylinux_2_17_s390x.manylinux2014_s390x.whl", hash = "sha256:4ead44c85f8ab905852d3de8d86f6f8baf77109f9da589cb4fa142bd3b57b475", size = 646537 },
    { url = "https://files.pythonhosted.org/packages/05/79/e15408220bbb989469c8871062c97c6c9136770657ba779711b90870d867/greenlet-3.1.1-cp313-cp313t-manylinux_2_17_x86_64.manylinux2014_x86_64.whl", hash = "sha256:8320f64b777d00dd7ccdade271eaf0cad6636343293a25074cc5566160e4de7b", size = 642506 },
    { url = "https://files.pythonhosted.org/packages/18/87/470e01a940307796f1d25f8167b551a968540fbe0551c0ebb853cb527dd6/greenlet-3.1.1-cp313-cp313t-manylinux_2_24_x86_64.manylinux_2_28_x86_64.whl", hash = "sha256:6510bf84a6b643dabba74d3049ead221257603a253d0a9873f55f6a59a65f822", size = 602753 },
    { url = "https://files.pythonhosted.org/packages/e2/72/576815ba674eddc3c25028238f74d7b8068902b3968cbe456771b166455e/greenlet-3.1.1-cp313-cp313t-musllinux_1_1_aarch64.whl", hash = "sha256:04b013dc07c96f83134b1e99888e7a79979f1a247e2a9f59697fa14b5862ed01", size = 1122731 },
    { url = "https://files.pythonhosted.org/packages/ac/38/08cc303ddddc4b3d7c628c3039a61a3aae36c241ed01393d00c2fd663473/greenlet-3.1.1-cp313-cp313t-musllinux_1_1_x86_64.whl", hash = "sha256:411f015496fec93c1c8cd4e5238da364e1da7a124bcb293f085bf2860c32c6f6", size = 1142112 },
    { url = "https://files.pythonhosted.org/packages/8c/82/8051e82af6d6b5150aacb6789a657a8afd48f0a44d8e91cb72aaaf28553a/greenlet-3.1.1-cp39-cp39-macosx_11_0_universal2.whl", hash = "sha256:396979749bd95f018296af156201d6211240e7a23090f50a8d5d18c370084dc3", size = 270027 },
    { url = "https://files.pythonhosted.org/packages/f9/74/f66de2785880293780eebd18a2958aeea7cbe7814af1ccef634f4701f846/greenlet-3.1.1-cp39-cp39-manylinux_2_17_aarch64.manylinux2014_aarch64.whl", hash = "sha256:ca9d0ff5ad43e785350894d97e13633a66e2b50000e8a183a50a88d834752d42", size = 634822 },
    { url = "https://files.pythonhosted.org/packages/68/23/acd9ca6bc412b02b8aa755e47b16aafbe642dde0ad2f929f836e57a7949c/greenlet-3.1.1-cp39-cp39-manylinux_2_17_ppc64le.manylinux2014_ppc64le.whl", hash = "sha256:f6ff3b14f2df4c41660a7dec01045a045653998784bf8cfcb5a525bdffffbc8f", size = 646866 },
    { url = "https://files.pythonhosted.org/packages/a9/ab/562beaf8a53dc9f6b2459f200e7bc226bb07e51862a66351d8b7817e3efd/greenlet-3.1.1-cp39-cp39-manylinux_2_17_s390x.manylinux2014_s390x.whl", hash = "sha256:94ebba31df2aa506d7b14866fed00ac141a867e63143fe5bca82a8e503b36437", size = 641985 },
    { url = "https://files.pythonhosted.org/packages/03/d3/1006543621f16689f6dc75f6bcf06e3c23e044c26fe391c16c253623313e/greenlet-3.1.1-cp39-cp39-manylinux_2_17_x86_64.manylinux2014_x86_64.whl", hash = "sha256:73aaad12ac0ff500f62cebed98d8789198ea0e6f233421059fa68a5aa7220145", size = 641268 },
    { url = "https://files.pythonhosted.org/packages/2f/c1/ad71ce1b5f61f900593377b3f77b39408bce5dc96754790311b49869e146/greenlet-3.1.1-cp39-cp39-manylinux_2_24_x86_64.manylinux_2_28_x86_64.whl", hash = "sha256:63e4844797b975b9af3a3fb8f7866ff08775f5426925e1e0bbcfe7932059a12c", size = 597376 },
    { url = "https://files.pythonhosted.org/packages/f7/ff/183226685b478544d61d74804445589e069d00deb8ddef042699733950c7/greenlet-3.1.1-cp39-cp39-musllinux_1_1_aarch64.whl", hash = "sha256:7939aa3ca7d2a1593596e7ac6d59391ff30281ef280d8632fa03d81f7c5f955e", size = 1123359 },
    { url = "https://files.pythonhosted.org/packages/c0/8b/9b3b85a89c22f55f315908b94cd75ab5fed5973f7393bbef000ca8b2c5c1/greenlet-3.1.1-cp39-cp39-musllinux_1_1_x86_64.whl", hash = "sha256:d0028e725ee18175c6e422797c407874da24381ce0690d6b9396c204c7f7276e", size = 1147458 },
    { url = "https://files.pythonhosted.org/packages/b8/1c/248fadcecd1790b0ba793ff81fa2375c9ad6442f4c748bf2cc2e6563346a/greenlet-3.1.1-cp39-cp39-win32.whl", hash = "sha256:5e06afd14cbaf9e00899fae69b24a32f2196c19de08fcb9f4779dd4f004e5e7c", size = 281131 },
    { url = "https://files.pythonhosted.org/packages/ae/02/e7d0aef2354a38709b764df50b2b83608f0621493e47f47694eb80922822/greenlet-3.1.1-cp39-cp39-win_amd64.whl", hash = "sha256:3319aa75e0e0639bc15ff54ca327e8dc7a6fe404003496e3c6925cd3142e0e22", size = 298306 },
]

[[package]]
name = "loguru"
version = "0.7.3"
source = { registry = "https://pypi.org/simple" }
dependencies = [
    { name = "colorama", marker = "sys_platform == 'win32'" },
    { name = "win32-setctime", marker = "sys_platform == 'win32'" },
]
sdist = { url = "https://files.pythonhosted.org/packages/3a/05/a1dae3dffd1116099471c643b8924f5aa6524411dc6c63fdae648c4f1aca/loguru-0.7.3.tar.gz", hash = "sha256:19480589e77d47b8d85b2c827ad95d49bf31b0dcde16593892eb51dd18706eb6", size = 63559 }
wheels = [
    { url = "https://files.pythonhosted.org/packages/0c/29/0348de65b8cc732daa3e33e67806420b2ae89bdce2b04af740289c5c6c8c/loguru-0.7.3-py3-none-any.whl", hash = "sha256:31a33c10c8e1e10422bfd431aeb5d351c7cf7fa671e3c4df004162264b28220c", size = 61595 },
]

[[package]]
name = "playwright"
version = "1.50.0"
source = { registry = "https://pypi.org/simple" }
dependencies = [
    { name = "greenlet" },
    { name = "pyee" },
]
wheels = [
    { url = "https://files.pythonhosted.org/packages/0d/5e/068dea3c96e9c09929b45c92cf7e573403b52a89aa463f89b9da9b87b7a4/playwright-1.50.0-py3-none-macosx_10_13_x86_64.whl", hash = "sha256:f36d754a6c5bd9bf7f14e8f57a2aea6fd08f39ca4c8476481b9c83e299531148", size = 40277564 },
    { url = "https://files.pythonhosted.org/packages/78/85/b3deb3d2add00d2a6ee74bf6f57ccefb30efc400fd1b7b330ba9a3626330/playwright-1.50.0-py3-none-macosx_11_0_arm64.whl", hash = "sha256:40f274384591dfd27f2b014596250b2250c843ed1f7f4ef5d2960ecb91b4961e", size = 39521844 },
    { url = "https://files.pythonhosted.org/packages/f3/f6/002b3d98df9c84296fea84f070dc0d87c2270b37f423cf076a913370d162/playwright-1.50.0-py3-none-macosx_11_0_universal2.whl", hash = "sha256:9922ef9bcd316995f01e220acffd2d37a463b4ad10fd73e388add03841dfa230", size = 40277563 },
    { url = "https://files.pythonhosted.org/packages/b9/63/c9a73736e434df894e484278dddc0bf154312ff8d0f16d516edb790a7d42/playwright-1.50.0-py3-none-manylinux1_x86_64.whl", hash = "sha256:8fc628c492d12b13d1f347137b2ac6c04f98197ff0985ef0403a9a9ee0d39131", size = 45076712 },
    { url = "https://files.pythonhosted.org/packages/bd/2c/a54b5a64cc7d1a62f2d944c5977fb3c88e74d76f5cdc7966e717426bce66/playwright-1.50.0-py3-none-manylinux_2_17_aarch64.manylinux2014_aarch64.whl", hash = "sha256:ffcff35f72db2689a79007aee78f1b0621a22e6e3d6c1f58aaa9ac805bf4497c", size = 44493111 },
    { url = "https://files.pythonhosted.org/packages/2b/4a/047cbb2ffe1249bd7a56441fc3366fb4a8a1f44bc36a9061d10edfda2c86/playwright-1.50.0-py3-none-win32.whl", hash = "sha256:3b906f4d351260016a8c5cc1e003bb341651ae682f62213b50168ed581c7558a", size = 34784543 },
    { url = "https://files.pythonhosted.org/packages/bc/2b/e944e10c9b18e77e43d3bb4d6faa323f6cc27597db37b75bc3fd796adfd5/playwright-1.50.0-py3-none-win_amd64.whl", hash = "sha256:1859423da82de631704d5e3d88602d755462b0906824c1debe140979397d2e8d", size = 34784546 },
]

[[package]]
name = "pycparser"
version = "2.22"
source = { registry = "https://pypi.org/simple" }
sdist = { url = "https://files.pythonhosted.org/packages/1d/b2/31537cf4b1ca988837256c910a668b553fceb8f069bedc4b1c826024b52c/pycparser-2.22.tar.gz", hash = "sha256:491c8be9c040f5390f5bf44a5b07752bd07f56edf992381b05c701439eec10f6", size = 172736 }
wheels = [
    { url = "https://files.pythonhosted.org/packages/13/a3/a812df4e2dd5696d1f351d58b8fe16a405b234ad2886a0dab9183fb78109/pycparser-2.22-py3-none-any.whl", hash = "sha256:c3702b6d3dd8c7abc1afa565d7e63d53a1d0bd86cdc24edd75470f4de499cfcc", size = 117552 },
]

[[package]]
name = "pyee"
version = "12.1.1"
source = { registry = "https://pypi.org/simple" }
dependencies = [
    { name = "typing-extensions" },
]
sdist = { url = "https://files.pythonhosted.org/packages/0a/37/8fb6e653597b2b67ef552ed49b438d5398ba3b85a9453f8ada0fd77d455c/pyee-12.1.1.tar.gz", hash = "sha256:bbc33c09e2ff827f74191e3e5bbc6be7da02f627b7ec30d86f5ce1a6fb2424a3", size = 30915 }
wheels = [
    { url = "https://files.pythonhosted.org/packages/25/68/7e150cba9eeffdeb3c5cecdb6896d70c8edd46ce41c0491e12fb2b2256ff/pyee-12.1.1-py3-none-any.whl", hash = "sha256:18a19c650556bb6b32b406d7f017c8f513aceed1ef7ca618fb65de7bd2d347ef", size = 15527 },
]

[[package]]
name = "soupsieve"
version = "2.6"
source = { registry = "https://pypi.org/simple" }
sdist = { url = "https://files.pythonhosted.org/packages/d7/ce/fbaeed4f9fb8b2daa961f90591662df6a86c1abf25c548329a86920aedfb/soupsieve-2.6.tar.gz", hash = "sha256:e2e68417777af359ec65daac1057404a3c8a5455bb8abc36f1a9866ab1a51abb", size = 101569 }
wheels = [
    { url = "https://files.pythonhosted.org/packages/d1/c2/fe97d779f3ef3b15f05c94a2f1e3d21732574ed441687474db9d342a7315/soupsieve-2.6-py3-none-any.whl", hash = "sha256:e72c4ff06e4fb6e4b5a9f0f55fe6e81514581fca1515028625d0f299c602ccc9", size = 36186 },
]

[[package]]
name = "tabulate"
version = "0.9.0"
source = { registry = "https://pypi.org/simple" }
sdist = { url = "https://files.pythonhosted.org/packages/ec/fe/802052aecb21e3797b8f7902564ab6ea0d60ff8ca23952079064155d1ae1/tabulate-0.9.0.tar.gz", hash = "sha256:0095b12bf5966de529c0feb1fa08671671b3368eec77d7ef7ab114be2c068b3c", size = 81090 }
wheels = [
    { url = "https://files.pythonhosted.org/packages/40/44/4a5f08c96eb108af5cb50b41f76142f0afa346dfa99d5296fe7202a11854/tabulate-0.9.0-py3-none-any.whl", hash = "sha256:024ca478df22e9340661486f85298cff5f6dcdba14f3813e8830015b9ed1948f", size = 35252 },
]

[[package]]
name = "typing-extensions"
version = "4.12.2"
source = { registry = "https://pypi.org/simple" }
sdist = { url = "https://files.pythonhosted.org/packages/df/db/f35a00659bc03fec321ba8bce9420de607a1d37f8342eee1863174c69557/typing_extensions-4.12.2.tar.gz", hash = "sha256:1a7ead55c7e559dd4dee8856e3a88b41225abfe1ce8df57b7c13915fe121ffb8", size = 85321 }
wheels = [
    { url = "https://files.pythonhosted.org/packages/26/9f/ad63fc0248c5379346306f8668cda6e2e2e9c95e01216d2b8ffd9ff037d0/typing_extensions-4.12.2-py3-none-any.whl", hash = "sha256:04e5ca0351e0f3f85c6853954072df659d0d13fac324d0072316b67d7794700d", size = 37438 },
]

[[package]]
name = "ul-timetable-scraper"
version = "0.1.0"
source = { editable = "." }
dependencies = [
    { name = "beautifulsoup4" },
    { name = "cryptography" },
    { name = "loguru" },
    { name = "playwright" },
    { name = "tabulate" },
]

[package.metadata]
requires-dist = [
    { name = "beautifulsoup4", specifier = ">=4.13.0" },
    { name = "cryptography", specifier = ">=44.0.0" },
    { name = "loguru", specifier = ">=0.7.0" },
    { name = "playwright", specifier = ">=1.50.0" },
    { name = "tabulate", specifier = ">=0.9.0" },
]

[[package]]
name = "win32-setctime"
version = "1.2.0"
source = { registry = "https://pypi.org/simple" }
sdist = { url = "https://files.pythonhosted.org/packages/b3/8f/705086c9d734d3b663af0e9bb3d4de6578d08f46b1b101c2442fd9aecaa2/win32_setctime-1.2.0.tar.gz", hash = "sha256:ae1fdf948f5640aae05c511ade119313fb6a30d7eabe25fef9764dca5873c4c0", size = 4867 }
wheels = [
    { url = "https://files.pythonhosted.org/packages/e1/07/c6fe3ad3e685340704d314d765b7912993bcb8dc198f0e7a89382d37974b/win32_setctime-1.2.0-py3-none-any.whl", hash = "sha256:95d644c4e708aba81dc3704a116d8cbc974d70b3bdb8be1d150e36be6e9d1390", size = 4083 },
]
